
Microsoft Visual Studio Solution File, Format Version 12.00
# Visual Studio Version 16
VisualStudioVersion = 16.0.30804.86
MinimumVisualStudioVersion = 10.0.40219.1
Project("{9A19103F-16F7-4668-BE54-9A1E7A4F7556}") = "SnabBashka", "SnabBashka\SnabBashka.csproj", "{31B03AEF-F7EC-47E8-A5BD-CD64D127AF3E}"
EndProject
Project("{9A19103F-16F7-4668-BE54-9A1E7A4F7556}") = "Test", "Test\Test.csproj", "{B558982E-B48B-46BA-897F-88BEDF480598}"
EndProject
Project("{FAE04EC0-301F-11D3-BF4B-00C04F79EFBC}") = "WindowsServiceFileWatcherTest", "WindowsServiceFileWatcherTest\WindowsServiceFileWatcherTest.csproj", "{D065C701-D730-4318-9A77-B0F901784AC5}"
EndProject
Global
	GlobalSection(SolutionConfigurationPlatforms) = preSolution
		Debug|Any CPU = Debug|Any CPU
		Release|Any CPU = Release|Any CPU
	EndGlobalSection
	GlobalSection(ProjectConfigurationPlatforms) = postSolution
		{31B03AEF-F7EC-47E8-A5BD-CD64D127AF3E}.Debug|Any CPU.ActiveCfg = Debug|Any CPU
		{31B03AEF-F7EC-47E8-A5BD-CD64D127AF3E}.Debug|Any CPU.Build.0 = Debug|Any CPU
		{31B03AEF-F7EC-47E8-A5BD-CD64D127AF3E}.Release|Any CPU.ActiveCfg = Release|Any CPU
		{31B03AEF-F7EC-47E8-A5BD-CD64D127AF3E}.Release|Any CPU.Build.0 = Release|Any CPU
		{B558982E-B48B-46BA-897F-88BEDF480598}.Debug|Any CPU.ActiveCfg = Debug|Any CPU
		{B558982E-B48B-46BA-897F-88BEDF480598}.Debug|Any CPU.Build.0 = Debug|Any CPU
		{B558982E-B48B-46BA-897F-88BEDF480598}.Release|Any CPU.ActiveCfg = Release|Any CPU
		{B558982E-B48B-46BA-897F-88BEDF480598}.Release|Any CPU.Build.0 = Release|Any CPU
		{D065C701-D730-4318-9A77-B0F901784AC5}.Debug|Any CPU.ActiveCfg = Debug|Any CPU
		{D065C701-D730-4318-9A77-B0F901784AC5}.Debug|Any CPU.Build.0 = Debug|Any CPU
		{D065C701-D730-4318-9A77-B0F901784AC5}.Release|Any CPU.ActiveCfg = Release|Any CPU
		{D065C701-D730-4318-9A77-B0F901784AC5}.Release|Any CPU.Build.0 = Release|Any CPU
	EndGlobalSection
	GlobalSection(SolutionProperties) = preSolution
		HideSolutionNode = FALSE
	EndGlobalSection
	GlobalSection(ExtensibilityGlobals) = postSolution
		SolutionGuid = {F9AE5113-76A6-4141-BE8B-AA133D1BC8FA}
	EndGlobalSection
EndGlobal
